
Microsoft Visual Studio Solution File, Format Version 12.00
# Visual Studio 2013
VisualStudioVersion = 12.0.21005.1
MinimumVisualStudioVersion = 10.0.40219.1
Project("{2150E333-8FDC-42A3-9474-1A3956D46DE8}") = "Plugins", "Plugins", "{6BE3E11A-3F8D-4743-8B65-E7DB1A8BCCF9}"
EndProject
Project("{FAE04EC0-301F-11D3-BF4B-00C04F79EFBC}") = "Doorway Studio Classic", "Doorway Studio Classic\Doorway Studio Classic.csproj", "{8EED9E8A-EB33-4486-B0AA-43658BC9EB6B}"
EndProject
Project("{FAE04EC0-301F-11D3-BF4B-00C04F79EFBC}") = "Core", "Core\Core.csproj", "{72A40BDC-2B50-4B20-B97A-EA61060C659C}"
EndProject
Project("{FAE04EC0-301F-11D3-BF4B-00C04F79EFBC}") = "Classes", "Classes\Classes.csproj", "{2FB7B942-F181-467F-BA74-7F5E02B60B48}"
EndProject
Project("{FAE04EC0-301F-11D3-BF4B-00C04F79EFBC}") = "Interfaces", "Interfaces\Interfaces.csproj", "{B32D1707-78F5-43F0-9AA0-6BEEE6A9C2AF}"
EndProject
Project("{FAE04EC0-301F-11D3-BF4B-00C04F79EFBC}") = "Tokens", "Tokens\Tokens.csproj", "{5E0FF373-BBC8-42C4-81C7-811F7C266B5C}"
EndProject
Project("{FAE04EC0-301F-11D3-BF4B-00C04F79EFBC}") = "Tasks", "Tasks\Tasks.csproj", "{9F76BEE3-ABE8-4C6E-8D30-1363413B9D76}"
EndProject
Project("{FAE04EC0-301F-11D3-BF4B-00C04F79EFBC}") = "Text", "Text\Text.csproj", "{C41F7305-06D0-422E-9903-69A12C48E326}"
EndProject
Project("{FAE04EC0-301F-11D3-BF4B-00C04F79EFBC}") = "Monitor", "..\Tools\Monitor\Monitor.csproj", "{8FD426DF-8ED6-46F9-9F8C-1094297EF204}"
EndProject
Project("{FAE04EC0-301F-11D3-BF4B-00C04F79EFBC}") = "Images", "Images\Images.csproj", "{216AD60C-3903-48F9-9F37-80CD47824C8C}"
EndProject
Project("{FAE04EC0-301F-11D3-BF4B-00C04F79EFBC}") = "Resources", "Resources\Resources.csproj", "{B07A1669-CAA0-4933-9CA8-A5F1618C790B}"
EndProject
Project("{2150E333-8FDC-42A3-9474-1A3956D46DE8}") = "Common", "Common", "{AFC35C92-525F-43C7-846D-353674964C0E}"
	ProjectSection(SolutionItems) = preProject
		Brand.cs = Brand.cs
		Version.cs = Version.cs
	EndProjectSection
EndProject
Project("{2150E333-8FDC-42A3-9474-1A3956D46DE8}") = "UI", "UI", "{27E199F8-186C-46E6-AB4E-449938479C85}"
EndProject
Project("{2150E333-8FDC-42A3-9474-1A3956D46DE8}") = "Tools", "Tools", "{9EA86D9C-029F-40A3-9F16-EE1B57610B39}"
EndProject
Project("{FAE04EC0-301F-11D3-BF4B-00C04F79EFBC}") = "Doorway Studio", "Doorway Studio\Doorway Studio.csproj", "{336806D4-118D-40B0-8891-5A511E8A9183}"
EndProject
Project("{FAE04EC0-301F-11D3-BF4B-00C04F79EFBC}") = "UI", "UI\UI.csproj", "{EAAB177B-EEE1-4FA1-85CD-16208C5B25E8}"
EndProject
Project("{FAE04EC0-301F-11D3-BF4B-00C04F79EFBC}") = "Windows", "Windows\Windows.csproj", "{1695E3D5-DCE5-4006-9AFE-F6FE4C35436B}"
EndProject
Project("{2150E333-8FDC-42A3-9474-1A3956D46DE8}") = "Plus", "Plus", "{3AFC2E09-05E4-439F-92D2-850F8738C0B3}"
EndProject
Project("{FAE04EC0-301F-11D3-BF4B-00C04F79EFBC}") = "Plus", "Plus\Plus.csproj", "{8F96356F-2882-4AF4-81EC-EB88B3454ABF}"
EndProject
Project("{FAE04EC0-301F-11D3-BF4B-00C04F79EFBC}") = "WPF", "WPF\WPF.csproj", "{E645A119-F9B2-49AA-9C52-3C1245E5ECD4}"
EndProject
Project("{2150E333-8FDC-42A3-9474-1A3956D46DE8}") = "Pro", "Pro", "{8236D245-5099-4430-A23A-86851A78C856}"
EndProject
Project("{FAE04EC0-301F-11D3-BF4B-00C04F79EFBC}") = "Pro", "Pro\Pro.csproj", "{81A395C7-2C30-45FA-935E-86AC8A205ACC}"
EndProject
Project("{2150E333-8FDC-42A3-9474-1A3956D46DE8}") = "Web Parser", "Web Parser", "{364CA90E-F336-48E9-9CBB-8CA7511864FE}"
EndProject
Project("{FAE04EC0-301F-11D3-BF4B-00C04F79EFBC}") = "Web Parser", "..\Web Parser\Web Parser\Web Parser.csproj", "{84E75D40-F356-46B5-80E0-2A03B5C91934}"
EndProject
Project("{FAE04EC0-301F-11D3-BF4B-00C04F79EFBC}") = "Core", "..\Web Parser\Core\Core.csproj", "{EC24D9BB-A429-44E1-AD52-06339E9D1E71}"
EndProject
Project("{2150E333-8FDC-42A3-9474-1A3956D46DE8}") = "Common", "Common", "{523B0E85-9A0E-476C-93B8-9427B2000BD3}"
EndProject
Project("{2150E333-8FDC-42A3-9474-1A3956D46DE8}") = "UI", "UI", "{F2C4C496-34AD-4926-B2FC-58E03CC364A0}"
EndProject
Project("{2150E333-8FDC-42A3-9474-1A3956D46DE8}") = "Plugins", "Plugins", "{BFFD93A2-596B-4681-844F-511F88920621}"
EndProject
Project("{FAE04EC0-301F-11D3-BF4B-00C04F79EFBC}") = "Parser", "..\Web Parser\Parser\Parser.csproj", "{EF0A335D-D6D0-4F7C-AC7D-EB2D2082B56C}"
EndProject
Global
	GlobalSection(SolutionConfigurationPlatforms) = preSolution
		Debug|Any CPU = Debug|Any CPU
		Debug|Mixed Platforms = Debug|Mixed Platforms
		Debug|x86 = Debug|x86
		Release|Any CPU = Release|Any CPU
		Release|Mixed Platforms = Release|Mixed Platforms
		Release|x86 = Release|x86
	EndGlobalSection
	GlobalSection(ProjectConfigurationPlatforms) = postSolution
		{8EED9E8A-EB33-4486-B0AA-43658BC9EB6B}.Debug|Any CPU.ActiveCfg = Debug|Any CPU
		{8EED9E8A-EB33-4486-B0AA-43658BC9EB6B}.Debug|Any CPU.Build.0 = Debug|Any CPU
		{8EED9E8A-EB33-4486-B0AA-43658BC9EB6B}.Debug|Mixed Platforms.ActiveCfg = Debug|Any CPU
		{8EED9E8A-EB33-4486-B0AA-43658BC9EB6B}.Debug|Mixed Platforms.Build.0 = Debug|Any CPU
		{8EED9E8A-EB33-4486-B0AA-43658BC9EB6B}.Debug|x86.ActiveCfg = Debug|Any CPU
		{8EED9E8A-EB33-4486-B0AA-43658BC9EB6B}.Release|Any CPU.ActiveCfg = Release|Any CPU
		{8EED9E8A-EB33-4486-B0AA-43658BC9EB6B}.Release|Any CPU.Build.0 = Release|Any CPU
		{8EED9E8A-EB33-4486-B0AA-43658BC9EB6B}.Release|Mixed Platforms.ActiveCfg = Release|Any CPU
		{8EED9E8A-EB33-4486-B0AA-43658BC9EB6B}.Release|Mixed Platforms.Build.0 = Release|Any CPU
		{8EED9E8A-EB33-4486-B0AA-43658BC9EB6B}.Release|x86.ActiveCfg = Release|Any CPU
		{72A40BDC-2B50-4B20-B97A-EA61060C659C}.Debug|Any CPU.ActiveCfg = Debug|Any CPU
		{72A40BDC-2B50-4B20-B97A-EA61060C659C}.Debug|Any CPU.Build.0 = Debug|Any CPU
		{72A40BDC-2B50-4B20-B97A-EA61060C659C}.Debug|Mixed Platforms.ActiveCfg = Debug|Any CPU
		{72A40BDC-2B50-4B20-B97A-EA61060C659C}.Debug|Mixed Platforms.Build.0 = Debug|Any CPU
		{72A40BDC-2B50-4B20-B97A-EA61060C659C}.Debug|x86.ActiveCfg = Debug|Any CPU
		{72A40BDC-2B50-4B20-B97A-EA61060C659C}.Release|Any CPU.ActiveCfg = Release|Any CPU
		{72A40BDC-2B50-4B20-B97A-EA61060C659C}.Release|Any CPU.Build.0 = Release|Any CPU
		{72A40BDC-2B50-4B20-B97A-EA61060C659C}.Release|Mixed Platforms.ActiveCfg = Release|Any CPU
		{72A40BDC-2B50-4B20-B97A-EA61060C659C}.Release|Mixed Platforms.Build.0 = Release|Any CPU
		{72A40BDC-2B50-4B20-B97A-EA61060C659C}.Release|x86.ActiveCfg = Release|Any CPU
		{2FB7B942-F181-467F-BA74-7F5E02B60B48}.Debug|Any CPU.ActiveCfg = Debug|Any CPU
		{2FB7B942-F181-467F-BA74-7F5E02B60B48}.Debug|Any CPU.Build.0 = Debug|Any CPU
		{2FB7B942-F181-467F-BA74-7F5E02B60B48}.Debug|Mixed Platforms.ActiveCfg = Debug|Any CPU
		{2FB7B942-F181-467F-BA74-7F5E02B60B48}.Debug|Mixed Platforms.Build.0 = Debug|Any CPU
		{2FB7B942-F181-467F-BA74-7F5E02B60B48}.Debug|x86.ActiveCfg = Debug|Any CPU
		{2FB7B942-F181-467F-BA74-7F5E02B60B48}.Release|Any CPU.ActiveCfg = Release|Any CPU
		{2FB7B942-F181-467F-BA74-7F5E02B60B48}.Release|Any CPU.Build.0 = Release|Any CPU
		{2FB7B942-F181-467F-BA74-7F5E02B60B48}.Release|Mixed Platforms.ActiveCfg = Release|Any CPU
		{2FB7B942-F181-467F-BA74-7F5E02B60B48}.Release|Mixed Platforms.Build.0 = Release|Any CPU
		{2FB7B942-F181-467F-BA74-7F5E02B60B48}.Release|x86.ActiveCfg = Release|Any CPU
		{B32D1707-78F5-43F0-9AA0-6BEEE6A9C2AF}.Debug|Any CPU.ActiveCfg = Debug|Any CPU
		{B32D1707-78F5-43F0-9AA0-6BEEE6A9C2AF}.Debug|Any CPU.Build.0 = Debug|Any CPU
		{B32D1707-78F5-43F0-9AA0-6BEEE6A9C2AF}.Debug|Mixed Platforms.ActiveCfg = Debug|Any CPU
		{B32D1707-78F5-43F0-9AA0-6BEEE6A9C2AF}.Debug|Mixed Platforms.Build.0 = Debug|Any CPU
		{B32D1707-78F5-43F0-9AA0-6BEEE6A9C2AF}.Debug|x86.ActiveCfg = Debug|Any CPU
		{B32D1707-78F5-43F0-9AA0-6BEEE6A9C2AF}.Release|Any CPU.ActiveCfg = Release|Any CPU
		{B32D1707-78F5-43F0-9AA0-6BEEE6A9C2AF}.Release|Any CPU.Build.0 = Release|Any CPU
		{B32D1707-78F5-43F0-9AA0-6BEEE6A9C2AF}.Release|Mixed Platforms.ActiveCfg = Release|Any CPU
		{B32D1707-78F5-43F0-9AA0-6BEEE6A9C2AF}.Release|Mixed Platforms.Build.0 = Release|Any CPU
		{B32D1707-78F5-43F0-9AA0-6BEEE6A9C2AF}.Release|x86.ActiveCfg = Release|Any CPU
		{5E0FF373-BBC8-42C4-81C7-811F7C266B5C}.Debug|Any CPU.ActiveCfg = Debug|Any CPU
		{5E0FF373-BBC8-42C4-81C7-811F7C266B5C}.Debug|Any CPU.Build.0 = Debug|Any CPU
		{5E0FF373-BBC8-42C4-81C7-811F7C266B5C}.Debug|Mixed Platforms.ActiveCfg = Debug|Any CPU
		{5E0FF373-BBC8-42C4-81C7-811F7C266B5C}.Debug|Mixed Platforms.Build.0 = Debug|Any CPU
		{5E0FF373-BBC8-42C4-81C7-811F7C266B5C}.Debug|x86.ActiveCfg = Debug|Any CPU
		{5E0FF373-BBC8-42C4-81C7-811F7C266B5C}.Release|Any CPU.ActiveCfg = Release|Any CPU
		{5E0FF373-BBC8-42C4-81C7-811F7C266B5C}.Release|Any CPU.Build.0 = Release|Any CPU
		{5E0FF373-BBC8-42C4-81C7-811F7C266B5C}.Release|Mixed Platforms.ActiveCfg = Release|Any CPU
		{5E0FF373-BBC8-42C4-81C7-811F7C266B5C}.Release|Mixed Platforms.Build.0 = Release|Any CPU
		{5E0FF373-BBC8-42C4-81C7-811F7C266B5C}.Release|x86.ActiveCfg = Release|Any CPU
		{9F76BEE3-ABE8-4C6E-8D30-1363413B9D76}.Debug|Any CPU.ActiveCfg = Debug|Any CPU
		{9F76BEE3-ABE8-4C6E-8D30-1363413B9D76}.Debug|Any CPU.Build.0 = Debug|Any CPU
		{9F76BEE3-ABE8-4C6E-8D30-1363413B9D76}.Debug|Mixed Platforms.ActiveCfg = Debug|Any CPU
		{9F76BEE3-ABE8-4C6E-8D30-1363413B9D76}.Debug|Mixed Platforms.Build.0 = Debug|Any CPU
		{9F76BEE3-ABE8-4C6E-8D30-1363413B9D76}.Debug|x86.ActiveCfg = Debug|Any CPU
		{9F76BEE3-ABE8-4C6E-8D30-1363413B9D76}.Release|Any CPU.ActiveCfg = Release|Any CPU
		{9F76BEE3-ABE8-4C6E-8D30-1363413B9D76}.Release|Any CPU.Build.0 = Release|Any CPU
		{9F76BEE3-ABE8-4C6E-8D30-1363413B9D76}.Release|Mixed Platforms.ActiveCfg = Release|Any CPU
		{9F76BEE3-ABE8-4C6E-8D30-1363413B9D76}.Release|Mixed Platforms.Build.0 = Release|Any CPU
		{9F76BEE3-ABE8-4C6E-8D30-1363413B9D76}.Release|x86.ActiveCfg = Release|Any CPU
		{C41F7305-06D0-422E-9903-69A12C48E326}.Debug|Any CPU.ActiveCfg = Debug|Any CPU
		{C41F7305-06D0-422E-9903-69A12C48E326}.Debug|Any CPU.Build.0 = Debug|Any CPU
		{C41F7305-06D0-422E-9903-69A12C48E326}.Debug|Mixed Platforms.ActiveCfg = Debug|Any CPU
		{C41F7305-06D0-422E-9903-69A12C48E326}.Debug|Mixed Platforms.Build.0 = Debug|Any CPU
		{C41F7305-06D0-422E-9903-69A12C48E326}.Debug|x86.ActiveCfg = Debug|Any CPU
		{C41F7305-06D0-422E-9903-69A12C48E326}.Release|Any CPU.ActiveCfg = Release|Any CPU
		{C41F7305-06D0-422E-9903-69A12C48E326}.Release|Any CPU.Build.0 = Release|Any CPU
		{C41F7305-06D0-422E-9903-69A12C48E326}.Release|Mixed Platforms.ActiveCfg = Release|Any CPU
		{C41F7305-06D0-422E-9903-69A12C48E326}.Release|Mixed Platforms.Build.0 = Release|Any CPU
		{C41F7305-06D0-422E-9903-69A12C48E326}.Release|x86.ActiveCfg = Release|Any CPU
		{8FD426DF-8ED6-46F9-9F8C-1094297EF204}.Debug|Any CPU.ActiveCfg = Debug|Any CPU
		{8FD426DF-8ED6-46F9-9F8C-1094297EF204}.Debug|Any CPU.Build.0 = Debug|Any CPU
		{8FD426DF-8ED6-46F9-9F8C-1094297EF204}.Debug|Mixed Platforms.ActiveCfg = Debug|Any CPU
		{8FD426DF-8ED6-46F9-9F8C-1094297EF204}.Debug|Mixed Platforms.Build.0 = Debug|Any CPU
		{8FD426DF-8ED6-46F9-9F8C-1094297EF204}.Debug|x86.ActiveCfg = Debug|Any CPU
		{8FD426DF-8ED6-46F9-9F8C-1094297EF204}.Release|Any CPU.ActiveCfg = Release|Any CPU
		{8FD426DF-8ED6-46F9-9F8C-1094297EF204}.Release|Any CPU.Build.0 = Release|Any CPU
		{8FD426DF-8ED6-46F9-9F8C-1094297EF204}.Release|Mixed Platforms.ActiveCfg = Release|Any CPU
		{8FD426DF-8ED6-46F9-9F8C-1094297EF204}.Release|Mixed Platforms.Build.0 = Release|Any CPU
		{8FD426DF-8ED6-46F9-9F8C-1094297EF204}.Release|x86.ActiveCfg = Release|Any CPU
		{216AD60C-3903-48F9-9F37-80CD47824C8C}.Debug|Any CPU.ActiveCfg = Debug|Any CPU
		{216AD60C-3903-48F9-9F37-80CD47824C8C}.Debug|Any CPU.Build.0 = Debug|Any CPU
		{216AD60C-3903-48F9-9F37-80CD47824C8C}.Debug|Mixed Platforms.ActiveCfg = Debug|Any CPU
		{216AD60C-3903-48F9-9F37-80CD47824C8C}.Debug|Mixed Platforms.Build.0 = Debug|Any CPU
		{216AD60C-3903-48F9-9F37-80CD47824C8C}.Debug|x86.ActiveCfg = Debug|Any CPU
		{216AD60C-3903-48F9-9F37-80CD47824C8C}.Release|Any CPU.ActiveCfg = Release|Any CPU
		{216AD60C-3903-48F9-9F37-80CD47824C8C}.Release|Any CPU.Build.0 = Release|Any CPU
		{216AD60C-3903-48F9-9F37-80CD47824C8C}.Release|Mixed Platforms.ActiveCfg = Release|Any CPU
		{216AD60C-3903-48F9-9F37-80CD47824C8C}.Release|Mixed Platforms.Build.0 = Release|Any CPU
		{216AD60C-3903-48F9-9F37-80CD47824C8C}.Release|x86.ActiveCfg = Release|Any CPU
		{B07A1669-CAA0-4933-9CA8-A5F1618C790B}.Debug|Any CPU.ActiveCfg = Debug|Any CPU
		{B07A1669-CAA0-4933-9CA8-A5F1618C790B}.Debug|Any CPU.Build.0 = Debug|Any CPU
		{B07A1669-CAA0-4933-9CA8-A5F1618C790B}.Debug|Mixed Platforms.ActiveCfg = Debug|Any CPU
		{B07A1669-CAA0-4933-9CA8-A5F1618C790B}.Debug|Mixed Platforms.Build.0 = Debug|Any CPU
		{B07A1669-CAA0-4933-9CA8-A5F1618C790B}.Debug|x86.ActiveCfg = Debug|Any CPU
		{B07A1669-CAA0-4933-9CA8-A5F1618C790B}.Release|Any CPU.ActiveCfg = Release|Any CPU
		{B07A1669-CAA0-4933-9CA8-A5F1618C790B}.Release|Any CPU.Build.0 = Release|Any CPU
		{B07A1669-CAA0-4933-9CA8-A5F1618C790B}.Release|Mixed Platforms.ActiveCfg = Release|Any CPU
		{B07A1669-CAA0-4933-9CA8-A5F1618C790B}.Release|Mixed Platforms.Build.0 = Release|Any CPU
		{B07A1669-CAA0-4933-9CA8-A5F1618C790B}.Release|x86.ActiveCfg = Release|Any CPU
		{336806D4-118D-40B0-8891-5A511E8A9183}.Debug|Any CPU.ActiveCfg = Debug|x86
		{336806D4-118D-40B0-8891-5A511E8A9183}.Debug|Mixed Platforms.ActiveCfg = Debug|x86
		{336806D4-118D-40B0-8891-5A511E8A9183}.Debug|Mixed Platforms.Build.0 = Debug|x86
		{336806D4-118D-40B0-8891-5A511E8A9183}.Debug|x86.ActiveCfg = Debug|x86
		{336806D4-118D-40B0-8891-5A511E8A9183}.Debug|x86.Build.0 = Debug|x86
		{336806D4-118D-40B0-8891-5A511E8A9183}.Release|Any CPU.ActiveCfg = Release|x86
		{336806D4-118D-40B0-8891-5A511E8A9183}.Release|Mixed Platforms.ActiveCfg = Release|x86
		{336806D4-118D-40B0-8891-5A511E8A9183}.Release|Mixed Platforms.Build.0 = Release|x86
		{336806D4-118D-40B0-8891-5A511E8A9183}.Release|x86.ActiveCfg = Release|x86
		{336806D4-118D-40B0-8891-5A511E8A9183}.Release|x86.Build.0 = Release|x86
		{EAAB177B-EEE1-4FA1-85CD-16208C5B25E8}.Debug|Any CPU.ActiveCfg = Debug|Any CPU
		{EAAB177B-EEE1-4FA1-85CD-16208C5B25E8}.Debug|Any CPU.Build.0 = Debug|Any CPU
		{EAAB177B-EEE1-4FA1-85CD-16208C5B25E8}.Debug|Mixed Platforms.ActiveCfg = Debug|Any CPU
		{EAAB177B-EEE1-4FA1-85CD-16208C5B25E8}.Debug|Mixed Platforms.Build.0 = Debug|Any CPU
		{EAAB177B-EEE1-4FA1-85CD-16208C5B25E8}.Debug|x86.ActiveCfg = Debug|Any CPU
		{EAAB177B-EEE1-4FA1-85CD-16208C5B25E8}.Release|Any CPU.ActiveCfg = Release|Any CPU
		{EAAB177B-EEE1-4FA1-85CD-16208C5B25E8}.Release|Any CPU.Build.0 = Release|Any CPU
		{EAAB177B-EEE1-4FA1-85CD-16208C5B25E8}.Release|Mixed Platforms.ActiveCfg = Release|Any CPU
		{EAAB177B-EEE1-4FA1-85CD-16208C5B25E8}.Release|Mixed Platforms.Build.0 = Release|Any CPU
		{EAAB177B-EEE1-4FA1-85CD-16208C5B25E8}.Release|x86.ActiveCfg = Release|Any CPU
		{1695E3D5-DCE5-4006-9AFE-F6FE4C35436B}.Debug|Any CPU.ActiveCfg = Debug|Any CPU
		{1695E3D5-DCE5-4006-9AFE-F6FE4C35436B}.Debug|Any CPU.Build.0 = Debug|Any CPU
		{1695E3D5-DCE5-4006-9AFE-F6FE4C35436B}.Debug|Mixed Platforms.ActiveCfg = Debug|Any CPU
		{1695E3D5-DCE5-4006-9AFE-F6FE4C35436B}.Debug|Mixed Platforms.Build.0 = Debug|Any CPU
		{1695E3D5-DCE5-4006-9AFE-F6FE4C35436B}.Debug|x86.ActiveCfg = Debug|Any CPU
		{1695E3D5-DCE5-4006-9AFE-F6FE4C35436B}.Release|Any CPU.ActiveCfg = Release|Any CPU
		{1695E3D5-DCE5-4006-9AFE-F6FE4C35436B}.Release|Any CPU.Build.0 = Release|Any CPU
		{1695E3D5-DCE5-4006-9AFE-F6FE4C35436B}.Release|Mixed Platforms.ActiveCfg = Release|Any CPU
		{1695E3D5-DCE5-4006-9AFE-F6FE4C35436B}.Release|Mixed Platforms.Build.0 = Release|Any CPU
		{1695E3D5-DCE5-4006-9AFE-F6FE4C35436B}.Release|x86.ActiveCfg = Release|Any CPU
		{8F96356F-2882-4AF4-81EC-EB88B3454ABF}.Debug|Any CPU.ActiveCfg = Debug|Any CPU
		{8F96356F-2882-4AF4-81EC-EB88B3454ABF}.Debug|Any CPU.Build.0 = Debug|Any CPU
		{8F96356F-2882-4AF4-81EC-EB88B3454ABF}.Debug|Mixed Platforms.ActiveCfg = Debug|Any CPU
		{8F96356F-2882-4AF4-81EC-EB88B3454ABF}.Debug|Mixed Platforms.Build.0 = Debug|Any CPU
		{8F96356F-2882-4AF4-81EC-EB88B3454ABF}.Debug|x86.ActiveCfg = Debug|Any CPU
		{8F96356F-2882-4AF4-81EC-EB88B3454ABF}.Release|Any CPU.ActiveCfg = Release|Any CPU
		{8F96356F-2882-4AF4-81EC-EB88B3454ABF}.Release|Any CPU.Build.0 = Release|Any CPU
		{8F96356F-2882-4AF4-81EC-EB88B3454ABF}.Release|Mixed Platforms.ActiveCfg = Release|Any CPU
		{8F96356F-2882-4AF4-81EC-EB88B3454ABF}.Release|Mixed Platforms.Build.0 = Release|Any CPU
		{8F96356F-2882-4AF4-81EC-EB88B3454ABF}.Release|x86.ActiveCfg = Release|Any CPU
		{E645A119-F9B2-49AA-9C52-3C1245E5ECD4}.Debug|Any CPU.ActiveCfg = Debug|Any CPU
		{E645A119-F9B2-49AA-9C52-3C1245E5ECD4}.Debug|Any CPU.Build.0 = Debug|Any CPU
		{E645A119-F9B2-49AA-9C52-3C1245E5ECD4}.Debug|Mixed Platforms.ActiveCfg = Debug|Any CPU
		{E645A119-F9B2-49AA-9C52-3C1245E5ECD4}.Debug|Mixed Platforms.Build.0 = Debug|Any CPU
		{E645A119-F9B2-49AA-9C52-3C1245E5ECD4}.Debug|x86.ActiveCfg = Debug|Any CPU
		{E645A119-F9B2-49AA-9C52-3C1245E5ECD4}.Release|Any CPU.ActiveCfg = Release|Any CPU
		{E645A119-F9B2-49AA-9C52-3C1245E5ECD4}.Release|Any CPU.Build.0 = Release|Any CPU
		{E645A119-F9B2-49AA-9C52-3C1245E5ECD4}.Release|Mixed Platforms.ActiveCfg = Release|Any CPU
		{E645A119-F9B2-49AA-9C52-3C1245E5ECD4}.Release|Mixed Platforms.Build.0 = Release|Any CPU
		{E645A119-F9B2-49AA-9C52-3C1245E5ECD4}.Release|x86.ActiveCfg = Release|Any CPU
		{81A395C7-2C30-45FA-935E-86AC8A205ACC}.Debug|Any CPU.ActiveCfg = Debug|Any CPU
		{81A395C7-2C30-45FA-935E-86AC8A205ACC}.Debug|Any CPU.Build.0 = Debug|Any CPU
		{81A395C7-2C30-45FA-935E-86AC8A205ACC}.Debug|Mixed Platforms.ActiveCfg = Debug|Any CPU
		{81A395C7-2C30-45FA-935E-86AC8A205ACC}.Debug|Mixed Platforms.Build.0 = Debug|Any CPU
		{81A395C7-2C30-45FA-935E-86AC8A205ACC}.Debug|x86.ActiveCfg = Debug|Any CPU
		{81A395C7-2C30-45FA-935E-86AC8A205ACC}.Release|Any CPU.ActiveCfg = Release|Any CPU
		{81A395C7-2C30-45FA-935E-86AC8A205ACC}.Release|Any CPU.Build.0 = Release|Any CPU
		{81A395C7-2C30-45FA-935E-86AC8A205ACC}.Release|Mixed Platforms.ActiveCfg = Release|Any CPU
		{81A395C7-2C30-45FA-935E-86AC8A205ACC}.Release|Mixed Platforms.Build.0 = Release|Any CPU
		{81A395C7-2C30-45FA-935E-86AC8A205ACC}.Release|x86.ActiveCfg = Release|Any CPU
		{84E75D40-F356-46B5-80E0-2A03B5C91934}.Debug|Any CPU.ActiveCfg = Debug|x86
		{84E75D40-F356-46B5-80E0-2A03B5C91934}.Debug|Mixed Platforms.ActiveCfg = Debug|x86
		{84E75D40-F356-46B5-80E0-2A03B5C91934}.Debug|Mixed Platforms.Build.0 = Debug|x86
		{84E75D40-F356-46B5-80E0-2A03B5C91934}.Debug|x86.ActiveCfg = Debug|x86
		{84E75D40-F356-46B5-80E0-2A03B5C91934}.Debug|x86.Build.0 = Debug|x86
		{84E75D40-F356-46B5-80E0-2A03B5C91934}.Release|Any CPU.ActiveCfg = Release|x86
		{84E75D40-F356-46B5-80E0-2A03B5C91934}.Release|Mixed Platforms.ActiveCfg = Release|x86
		{84E75D40-F356-46B5-80E0-2A03B5C91934}.Release|Mixed Platforms.Build.0 = Release|x86
		{84E75D40-F356-46B5-80E0-2A03B5C91934}.Release|x86.ActiveCfg = Release|x86
		{84E75D40-F356-46B5-80E0-2A03B5C91934}.Release|x86.Build.0 = Release|x86
		{EC24D9BB-A429-44E1-AD52-06339E9D1E71}.Debug|Any CPU.ActiveCfg = Debug|Any CPU
		{EC24D9BB-A429-44E1-AD52-06339E9D1E71}.Debug|Any CPU.Build.0 = Debug|Any CPU
		{EC24D9BB-A429-44E1-AD52-06339E9D1E71}.Debug|Mixed Platforms.ActiveCfg = Debug|Any CPU
		{EC24D9BB-A429-44E1-AD52-06339E9D1E71}.Debug|Mixed Platforms.Build.0 = Debug|Any CPU
		{EC24D9BB-A429-44E1-AD52-06339E9D1E71}.Debug|x86.ActiveCfg = Debug|Any CPU
		{EC24D9BB-A429-44E1-AD52-06339E9D1E71}.Release|Any CPU.ActiveCfg = Release|Any CPU
		{EC24D9BB-A429-44E1-AD52-06339E9D1E71}.Release|Any CPU.Build.0 = Release|Any CPU
		{EC24D9BB-A429-44E1-AD52-06339E9D1E71}.Release|Mixed Platforms.ActiveCfg = Release|Any CPU
		{EC24D9BB-A429-44E1-AD52-06339E9D1E71}.Release|Mixed Platforms.Build.0 = Release|Any CPU
		{EC24D9BB-A429-44E1-AD52-06339E9D1E71}.Release|x86.ActiveCfg = Release|Any CPU
		{EF0A335D-D6D0-4F7C-AC7D-EB2D2082B56C}.Debug|Any CPU.ActiveCfg = Debug|Any CPU
		{EF0A335D-D6D0-4F7C-AC7D-EB2D2082B56C}.Debug|Any CPU.Build.0 = Debug|Any CPU
		{EF0A335D-D6D0-4F7C-AC7D-EB2D2082B56C}.Debug|Mixed Platforms.ActiveCfg = Debug|Any CPU
		{EF0A335D-D6D0-4F7C-AC7D-EB2D2082B56C}.Debug|Mixed Platforms.Build.0 = Debug|Any CPU
		{EF0A335D-D6D0-4F7C-AC7D-EB2D2082B56C}.Debug|x86.ActiveCfg = Debug|Any CPU
		{EF0A335D-D6D0-4F7C-AC7D-EB2D2082B56C}.Release|Any CPU.ActiveCfg = Release|Any CPU
		{EF0A335D-D6D0-4F7C-AC7D-EB2D2082B56C}.Release|Any CPU.Build.0 = Release|Any CPU
		{EF0A335D-D6D0-4F7C-AC7D-EB2D2082B56C}.Release|Mixed Platforms.ActiveCfg = Release|Any CPU
		{EF0A335D-D6D0-4F7C-AC7D-EB2D2082B56C}.Release|Mixed Platforms.Build.0 = Release|Any CPU
		{EF0A335D-D6D0-4F7C-AC7D-EB2D2082B56C}.Release|x86.ActiveCfg = Release|Any CPU
	EndGlobalSection
	GlobalSection(SolutionProperties) = preSolution
		HideSolutionNode = FALSE
	EndGlobalSection
	GlobalSection(NestedProjects) = preSolution
		{5E0FF373-BBC8-42C4-81C7-811F7C266B5C} = {6BE3E11A-3F8D-4743-8B65-E7DB1A8BCCF9}
		{9F76BEE3-ABE8-4C6E-8D30-1363413B9D76} = {6BE3E11A-3F8D-4743-8B65-E7DB1A8BCCF9}
		{C41F7305-06D0-422E-9903-69A12C48E326} = {6BE3E11A-3F8D-4743-8B65-E7DB1A8BCCF9}
		{216AD60C-3903-48F9-9F37-80CD47824C8C} = {6BE3E11A-3F8D-4743-8B65-E7DB1A8BCCF9}
		{8EED9E8A-EB33-4486-B0AA-43658BC9EB6B} = {27E199F8-186C-46E6-AB4E-449938479C85}
		{336806D4-118D-40B0-8891-5A511E8A9183} = {27E199F8-186C-46E6-AB4E-449938479C85}
		{EAAB177B-EEE1-4FA1-85CD-16208C5B25E8} = {27E199F8-186C-46E6-AB4E-449938479C85}
		{1695E3D5-DCE5-4006-9AFE-F6FE4C35436B} = {27E199F8-186C-46E6-AB4E-449938479C85}
		{E645A119-F9B2-49AA-9C52-3C1245E5ECD4} = {27E199F8-186C-46E6-AB4E-449938479C85}
		{2FB7B942-F181-467F-BA74-7F5E02B60B48} = {AFC35C92-525F-43C7-846D-353674964C0E}
		{B32D1707-78F5-43F0-9AA0-6BEEE6A9C2AF} = {AFC35C92-525F-43C7-846D-353674964C0E}
		{B07A1669-CAA0-4933-9CA8-A5F1618C790B} = {AFC35C92-525F-43C7-846D-353674964C0E}
		{72A40BDC-2B50-4B20-B97A-EA61060C659C} = {AFC35C92-525F-43C7-846D-353674964C0E}
		{8FD426DF-8ED6-46F9-9F8C-1094297EF204} = {9EA86D9C-029F-40A3-9F16-EE1B57610B39}
		{8F96356F-2882-4AF4-81EC-EB88B3454ABF} = {3AFC2E09-05E4-439F-92D2-850F8738C0B3}
		{81A395C7-2C30-45FA-935E-86AC8A205ACC} = {8236D245-5099-4430-A23A-86851A78C856}
		{F2C4C496-34AD-4926-B2FC-58E03CC364A0} = {364CA90E-F336-48E9-9CBB-8CA7511864FE}
		{523B0E85-9A0E-476C-93B8-9427B2000BD3} = {364CA90E-F336-48E9-9CBB-8CA7511864FE}
		{BFFD93A2-596B-4681-844F-511F88920621} = {364CA90E-F336-48E9-9CBB-8CA7511864FE}
		{84E75D40-F356-46B5-80E0-2A03B5C91934} = {F2C4C496-34AD-4926-B2FC-58E03CC364A0}
		{EC24D9BB-A429-44E1-AD52-06339E9D1E71} = {523B0E85-9A0E-476C-93B8-9427B2000BD3}
		{EF0A335D-D6D0-4F7C-AC7D-EB2D2082B56C} = {BFFD93A2-596B-4681-844F-511F88920621}
	EndGlobalSection
EndGlobal
